// !$*UTF8*$!
{
	archiveVersion = 1;
	classes = {
	};
	objectVersion = 46;
	objects = {

/* Begin PBXBuildFile section */
		0C0C4C651CB06669009A10B9 /* ThirstyScriptExtraBoldDemo.otf in Resources */ = {isa = PBXBuildFile; fileRef = 0C0C4C641CB06669009A10B9 /* ThirstyScriptExtraBoldDemo.otf */; };
		0C79AEED1CBE039900CD43AD /* Main.storyboard in Resources */ = {isa = PBXBuildFile; fileRef = 0C79AEEC1CBE039900CD43AD /* Main.storyboard */; };
		370AA958BD30845B220AA7E5 /* Pods_Karma.framework in Frameworks */ = {isa = PBXBuildFile; fileRef = CA153DB02365CAC70274AA9C /* Pods_Karma.framework */; };
		CB850E927912366BD11ADB5A /* Pods.framework in Frameworks */ = {isa = PBXBuildFile; fileRef = EA3A7DF6983660DAE55C9E78 /* Pods.framework */; };
		D83409AE1CC89500007ECA3D /* changePasswordViewController.swift in Sources */ = {isa = PBXBuildFile; fileRef = D83409AD1CC89500007ECA3D /* changePasswordViewController.swift */; };
		D83409B01CC89508007ECA3D /* SettingsViewController.swift in Sources */ = {isa = PBXBuildFile; fileRef = D83409AF1CC89508007ECA3D /* SettingsViewController.swift */; };
		D83409B21CC8950C007ECA3D /* settingTableViewCell.swift in Sources */ = {isa = PBXBuildFile; fileRef = D83409B11CC8950C007ECA3D /* settingTableViewCell.swift */; };
		D851269B1CB97738007CF281 /* receivedViewController.swift in Sources */ = {isa = PBXBuildFile; fileRef = D851269A1CB97738007CF281 /* receivedViewController.swift */; };
		D851269D1CB97A8F007CF281 /* receivedMessageCollectionViewCell.swift in Sources */ = {isa = PBXBuildFile; fileRef = D851269C1CB97A8F007CF281 /* receivedMessageCollectionViewCell.swift */; };
		E8F0D23F1CCC0ADC00AFF6AE /* YSLCardView.m in Sources */ = {isa = PBXBuildFile; fileRef = E8F0D23C1CCC0ADC00AFF6AE /* YSLCardView.m */; };
		E8F0D2401CCC0ADC00AFF6AE /* YSLDraggableCardContainer.m in Sources */ = {isa = PBXBuildFile; fileRef = E8F0D23E1CCC0ADC00AFF6AE /* YSLDraggableCardContainer.m */; };
		E8F0D2441CCC0AF600AFF6AE /* UIColor+Random_Color.m in Sources */ = {isa = PBXBuildFile; fileRef = E8F0D2431CCC0AF600AFF6AE /* UIColor+Random_Color.m */; };
		FC31A08E1CB03FA5005AA369 /* MainTabBarViewController.swift in Sources */ = {isa = PBXBuildFile; fileRef = FC31A08D1CB03FA5005AA369 /* MainTabBarViewController.swift */; };
		FC3B03721CB02CAA0000EC38 /* AppDelegate.swift in Sources */ = {isa = PBXBuildFile; fileRef = FC3B03711CB02CAA0000EC38 /* AppDelegate.swift */; };
		FC3B03791CB02CAA0000EC38 /* Assets.xcassets in Resources */ = {isa = PBXBuildFile; fileRef = FC3B03781CB02CAA0000EC38 /* Assets.xcassets */; };
		FC3B037C1CB02CAA0000EC38 /* LaunchScreen.storyboard in Resources */ = {isa = PBXBuildFile; fileRef = FC3B037A1CB02CAA0000EC38 /* LaunchScreen.storyboard */; };
		FC3B03871CB02CAA0000EC38 /* KarmaTests.swift in Sources */ = {isa = PBXBuildFile; fileRef = FC3B03861CB02CAA0000EC38 /* KarmaTests.swift */; };
		FC3B03921CB02CAA0000EC38 /* KarmaUITests.swift in Sources */ = {isa = PBXBuildFile; fileRef = FC3B03911CB02CAA0000EC38 /* KarmaUITests.swift */; };
		FC3B03A61CB031410000EC38 /* LoginViewController.swift in Sources */ = {isa = PBXBuildFile; fileRef = FC3B03A51CB031410000EC38 /* LoginViewController.swift */; };
		FC6312501CCC1EB300D34C8B /* FontAwesome_swift.framework in Frameworks */ = {isa = PBXBuildFile; fileRef = FC63124F1CCC1EB300D34C8B /* FontAwesome_swift.framework */; };
		FC6312511CCC1EB300D34C8B /* FontAwesome_swift.framework in Embed Frameworks */ = {isa = PBXBuildFile; fileRef = FC63124F1CCC1EB300D34C8B /* FontAwesome_swift.framework */; settings = {ATTRIBUTES = (CodeSignOnCopy, RemoveHeadersOnCopy, ); }; };
		FC77745B1CCCD3BC00A305DD /* RepliesViewController.swift in Sources */ = {isa = PBXBuildFile; fileRef = FC77745A1CCCD3BB00A305DD /* RepliesViewController.swift */; };
		FC77745D1CCCD4A500A305DD /* replyCollectionViewCell.swift in Sources */ = {isa = PBXBuildFile; fileRef = FC77745C1CCCD4A500A305DD /* replyCollectionViewCell.swift */; };
		FC9789881CC8940600AB7FB7 /* DateExtensions.swift in Sources */ = {isa = PBXBuildFile; fileRef = FC9789871CC8940600AB7FB7 /* DateExtensions.swift */; };
		FCCEF0791CBE02BC00740817 /* InitialViewController.swift in Sources */ = {isa = PBXBuildFile; fileRef = FCCEF0781CBE02BC00740817 /* InitialViewController.swift */; };
/* End PBXBuildFile section */

/* Begin PBXContainerItemProxy section */
		FC3B03831CB02CAA0000EC38 /* PBXContainerItemProxy */ = {
			isa = PBXContainerItemProxy;
			containerPortal = FC3B03661CB02CA90000EC38 /* Project object */;
			proxyType = 1;
			remoteGlobalIDString = FC3B036D1CB02CA90000EC38;
			remoteInfo = Karma;
		};
		FC3B038E1CB02CAA0000EC38 /* PBXContainerItemProxy */ = {
			isa = PBXContainerItemProxy;
			containerPortal = FC3B03661CB02CA90000EC38 /* Project object */;
			proxyType = 1;
			remoteGlobalIDString = FC3B036D1CB02CA90000EC38;
			remoteInfo = Karma;
		};
/* End PBXContainerItemProxy section */

/* Begin PBXCopyFilesBuildPhase section */
		E8F0D2301CCC03B200AFF6AE /* Embed Frameworks */ = {
			isa = PBXCopyFilesBuildPhase;
			buildActionMask = 2147483647;
			dstPath = "";
			dstSubfolderSpec = 10;
			files = (
				FC6312511CCC1EB300D34C8B /* FontAwesome_swift.framework in Embed Frameworks */,
			);
			name = "Embed Frameworks";
			runOnlyForDeploymentPostprocessing = 0;
		};
/* End PBXCopyFilesBuildPhase section */

/* Begin PBXFileReference section */
		0C0C4C641CB06669009A10B9 /* ThirstyScriptExtraBoldDemo.otf */ = {isa = PBXFileReference; lastKnownFileType = file; name = ThirstyScriptExtraBoldDemo.otf; path = Fonts/ThirstyScriptExtraBoldDemo.otf; sourceTree = "<group>"; };
		0C79AEEC1CBE039900CD43AD /* Main.storyboard */ = {isa = PBXFileReference; fileEncoding = 4; lastKnownFileType = file.storyboard; path = Main.storyboard; sourceTree = "<group>"; };
		A55867D4E0E8E3A1BDEC2294 /* Pods-Karma.release.xcconfig */ = {isa = PBXFileReference; includeInIndex = 1; lastKnownFileType = text.xcconfig; name = "Pods-Karma.release.xcconfig"; path = "Pods/Target Support Files/Pods-Karma/Pods-Karma.release.xcconfig"; sourceTree = "<group>"; };
		AB0ADD04D8B50C92F4C93D20 /* Pods-Karma.debug.xcconfig */ = {isa = PBXFileReference; includeInIndex = 1; lastKnownFileType = text.xcconfig; name = "Pods-Karma.debug.xcconfig"; path = "Pods/Target Support Files/Pods-Karma/Pods-Karma.debug.xcconfig"; sourceTree = "<group>"; };
		CA153DB02365CAC70274AA9C /* Pods_Karma.framework */ = {isa = PBXFileReference; explicitFileType = wrapper.framework; includeInIndex = 0; path = Pods_Karma.framework; sourceTree = BUILT_PRODUCTS_DIR; };
		D83409AD1CC89500007ECA3D /* changePasswordViewController.swift */ = {isa = PBXFileReference; fileEncoding = 4; lastKnownFileType = sourcecode.swift; path = changePasswordViewController.swift; sourceTree = "<group>"; };
		D83409AF1CC89508007ECA3D /* SettingsViewController.swift */ = {isa = PBXFileReference; fileEncoding = 4; lastKnownFileType = sourcecode.swift; path = SettingsViewController.swift; sourceTree = "<group>"; };
		D83409B11CC8950C007ECA3D /* settingTableViewCell.swift */ = {isa = PBXFileReference; fileEncoding = 4; lastKnownFileType = sourcecode.swift; path = settingTableViewCell.swift; sourceTree = "<group>"; };
		D851269A1CB97738007CF281 /* receivedViewController.swift */ = {isa = PBXFileReference; fileEncoding = 4; lastKnownFileType = sourcecode.swift; path = receivedViewController.swift; sourceTree = "<group>"; };
		D851269C1CB97A8F007CF281 /* receivedMessageCollectionViewCell.swift */ = {isa = PBXFileReference; fileEncoding = 4; lastKnownFileType = sourcecode.swift; path = receivedMessageCollectionViewCell.swift; sourceTree = "<group>"; };
		E8F0D23B1CCC0ADC00AFF6AE /* YSLCardView.h */ = {isa = PBXFileReference; fileEncoding = 4; lastKnownFileType = sourcecode.c.h; path = YSLCardView.h; sourceTree = "<group>"; };
		E8F0D23C1CCC0ADC00AFF6AE /* YSLCardView.m */ = {isa = PBXFileReference; fileEncoding = 4; lastKnownFileType = sourcecode.c.objc; path = YSLCardView.m; sourceTree = "<group>"; };
		E8F0D23D1CCC0ADC00AFF6AE /* YSLDraggableCardContainer.h */ = {isa = PBXFileReference; fileEncoding = 4; lastKnownFileType = sourcecode.c.h; path = YSLDraggableCardContainer.h; sourceTree = "<group>"; };
		E8F0D23E1CCC0ADC00AFF6AE /* YSLDraggableCardContainer.m */ = {isa = PBXFileReference; fileEncoding = 4; lastKnownFileType = sourcecode.c.objc; path = YSLDraggableCardContainer.m; sourceTree = "<group>"; };
		E8F0D2411CCC0AF600AFF6AE /* Karma-Bridging-Header.h */ = {isa = PBXFileReference; fileEncoding = 4; lastKnownFileType = sourcecode.c.h; path = "Karma-Bridging-Header.h"; sourceTree = "<group>"; };
		E8F0D2421CCC0AF600AFF6AE /* UIColor+Random_Color.h */ = {isa = PBXFileReference; fileEncoding = 4; lastKnownFileType = sourcecode.c.h; path = "UIColor+Random_Color.h"; sourceTree = "<group>"; };
		E8F0D2431CCC0AF600AFF6AE /* UIColor+Random_Color.m */ = {isa = PBXFileReference; fileEncoding = 4; lastKnownFileType = sourcecode.c.objc; path = "UIColor+Random_Color.m"; sourceTree = "<group>"; };
		EA3A7DF6983660DAE55C9E78 /* Pods.framework */ = {isa = PBXFileReference; explicitFileType = wrapper.framework; includeInIndex = 0; path = Pods.framework; sourceTree = BUILT_PRODUCTS_DIR; };
		FC31A08B1CB03AA9005AA369 /* AudioToolbox.framework */ = {isa = PBXFileReference; lastKnownFileType = wrapper.framework; name = AudioToolbox.framework; path = System/Library/Frameworks/AudioToolbox.framework; sourceTree = SDKROOT; };
		FC31A08D1CB03FA5005AA369 /* MainTabBarViewController.swift */ = {isa = PBXFileReference; fileEncoding = 4; lastKnownFileType = sourcecode.swift; path = MainTabBarViewController.swift; sourceTree = "<group>"; };
		FC3B036E1CB02CA90000EC38 /* KarmaSide.app */ = {isa = PBXFileReference; explicitFileType = wrapper.application; includeInIndex = 0; path = KarmaSide.app; sourceTree = BUILT_PRODUCTS_DIR; };
		FC3B03711CB02CAA0000EC38 /* AppDelegate.swift */ = {isa = PBXFileReference; lastKnownFileType = sourcecode.swift; path = AppDelegate.swift; sourceTree = "<group>"; };
		FC3B03781CB02CAA0000EC38 /* Assets.xcassets */ = {isa = PBXFileReference; lastKnownFileType = folder.assetcatalog; path = Assets.xcassets; sourceTree = "<group>"; };
		FC3B037B1CB02CAA0000EC38 /* Base */ = {isa = PBXFileReference; lastKnownFileType = file.storyboard; name = Base; path = Base.lproj/LaunchScreen.storyboard; sourceTree = "<group>"; };
		FC3B037D1CB02CAA0000EC38 /* Info.plist */ = {isa = PBXFileReference; lastKnownFileType = text.plist.xml; path = Info.plist; sourceTree = "<group>"; };
		FC3B03821CB02CAA0000EC38 /* KarmaSide.xctest */ = {isa = PBXFileReference; explicitFileType = wrapper.cfbundle; includeInIndex = 0; path = KarmaSide.xctest; sourceTree = BUILT_PRODUCTS_DIR; };
		FC3B03861CB02CAA0000EC38 /* KarmaTests.swift */ = {isa = PBXFileReference; lastKnownFileType = sourcecode.swift; path = KarmaTests.swift; sourceTree = "<group>"; };
		FC3B03881CB02CAA0000EC38 /* Info.plist */ = {isa = PBXFileReference; lastKnownFileType = text.plist.xml; path = Info.plist; sourceTree = "<group>"; };
		FC3B038D1CB02CAA0000EC38 /* KarmaSide.xctest */ = {isa = PBXFileReference; explicitFileType = wrapper.cfbundle; includeInIndex = 0; path = KarmaSide.xctest; sourceTree = BUILT_PRODUCTS_DIR; };
		FC3B03911CB02CAA0000EC38 /* KarmaUITests.swift */ = {isa = PBXFileReference; lastKnownFileType = sourcecode.swift; path = KarmaUITests.swift; sourceTree = "<group>"; };
		FC3B03931CB02CAA0000EC38 /* Info.plist */ = {isa = PBXFileReference; lastKnownFileType = text.plist.xml; path = Info.plist; sourceTree = "<group>"; };
		FC3B03A51CB031410000EC38 /* LoginViewController.swift */ = {isa = PBXFileReference; fileEncoding = 4; lastKnownFileType = sourcecode.swift; path = LoginViewController.swift; sourceTree = "<group>"; };
		FC63124F1CCC1EB300D34C8B /* FontAwesome_swift.framework */ = {isa = PBXFileReference; explicitFileType = wrapper.framework; name = FontAwesome_swift.framework; path = "/Users/shaanappel/Library/Developer/Xcode/DerivedData/Karma-aozwyqwzuzebfnfngmqognwflduf/Build/Products/Debug-iphoneos/FontAwesome_swift.framework"; sourceTree = "<absolute>"; };
		FC77745A1CCCD3BB00A305DD /* RepliesViewController.swift */ = {isa = PBXFileReference; fileEncoding = 4; lastKnownFileType = sourcecode.swift; path = RepliesViewController.swift; sourceTree = "<group>"; };
		FC77745C1CCCD4A500A305DD /* replyCollectionViewCell.swift */ = {isa = PBXFileReference; fileEncoding = 4; lastKnownFileType = sourcecode.swift; path = replyCollectionViewCell.swift; sourceTree = "<group>"; };
		FC9789871CC8940600AB7FB7 /* DateExtensions.swift */ = {isa = PBXFileReference; fileEncoding = 4; lastKnownFileType = sourcecode.swift; path = DateExtensions.swift; sourceTree = "<group>"; };
		FCCEF0781CBE02BC00740817 /* InitialViewController.swift */ = {isa = PBXFileReference; fileEncoding = 4; lastKnownFileType = sourcecode.swift; path = InitialViewController.swift; sourceTree = "<group>"; };
/* End PBXFileReference section */

/* Begin PBXFrameworksBuildPhase section */
		FC3B036B1CB02CA90000EC38 /* Frameworks */ = {
			isa = PBXFrameworksBuildPhase;
			buildActionMask = 2147483647;
			files = (
				370AA958BD30845B220AA7E5 /* Pods_Karma.framework in Frameworks */,
				FC6312501CCC1EB300D34C8B /* FontAwesome_swift.framework in Frameworks */,
				CB850E927912366BD11ADB5A /* Pods.framework in Frameworks */,
			);
			runOnlyForDeploymentPostprocessing = 0;
		};
		FC3B037F1CB02CAA0000EC38 /* Frameworks */ = {
			isa = PBXFrameworksBuildPhase;
			buildActionMask = 2147483647;
			files = (
			);
			runOnlyForDeploymentPostprocessing = 0;
		};
		FC3B038A1CB02CAA0000EC38 /* Frameworks */ = {
			isa = PBXFrameworksBuildPhase;
			buildActionMask = 2147483647;
			files = (
			);
			runOnlyForDeploymentPostprocessing = 0;
		};
/* End PBXFrameworksBuildPhase section */

/* Begin PBXGroup section */
		C0325ACF6BE238C9ADD76545 /* Frameworks */ = {
			isa = PBXGroup;
			children = (
				FC31A08B1CB03AA9005AA369 /* AudioToolbox.framework */,
				CA153DB02365CAC70274AA9C /* Pods_Karma.framework */,
				EA3A7DF6983660DAE55C9E78 /* Pods.framework */,
			);
			name = Frameworks;
			sourceTree = "<group>";
		};
		E144A4F8F185D4B013F51E8B /* Pods */ = {
			isa = PBXGroup;
			children = (
				AB0ADD04D8B50C92F4C93D20 /* Pods-Karma.debug.xcconfig */,
				A55867D4E0E8E3A1BDEC2294 /* Pods-Karma.release.xcconfig */,
			);
			name = Pods;
			sourceTree = "<group>";
		};
		E8F0D23A1CCC0ADC00AFF6AE /* YSLDraggableCardContainer */ = {
			isa = PBXGroup;
			children = (
				E8F0D23B1CCC0ADC00AFF6AE /* YSLCardView.h */,
				E8F0D23C1CCC0ADC00AFF6AE /* YSLCardView.m */,
				E8F0D23D1CCC0ADC00AFF6AE /* YSLDraggableCardContainer.h */,
				E8F0D23E1CCC0ADC00AFF6AE /* YSLDraggableCardContainer.m */,
			);
			path = YSLDraggableCardContainer;
			sourceTree = "<group>";
		};
		FC3B03651CB02CA90000EC38 = {
			isa = PBXGroup;
			children = (
				FC63124F1CCC1EB300D34C8B /* FontAwesome_swift.framework */,
				FC3B03701CB02CAA0000EC38 /* Karma */,
				FC3B03851CB02CAA0000EC38 /* KarmaTests */,
				FC3B03901CB02CAA0000EC38 /* KarmaUITests */,
				FC3B036F1CB02CA90000EC38 /* Products */,
				E144A4F8F185D4B013F51E8B /* Pods */,
				C0325ACF6BE238C9ADD76545 /* Frameworks */,
			);
			sourceTree = "<group>";
		};
		FC3B036F1CB02CA90000EC38 /* Products */ = {
			isa = PBXGroup;
			children = (
				FC3B036E1CB02CA90000EC38 /* KarmaSide.app */,
				FC3B03821CB02CAA0000EC38 /* KarmaSide.xctest */,
				FC3B038D1CB02CAA0000EC38 /* KarmaSide.xctest */,
			);
			name = Products;
			sourceTree = "<group>";
		};
		FC3B03701CB02CAA0000EC38 /* Karma */ = {
			isa = PBXGroup;
			children = (
				E8F0D23A1CCC0ADC00AFF6AE /* YSLDraggableCardContainer */,
				0C0C4C641CB06669009A10B9 /* ThirstyScriptExtraBoldDemo.otf */,
				FC3B03A51CB031410000EC38 /* LoginViewController.swift */,
				E8F0D2411CCC0AF600AFF6AE /* Karma-Bridging-Header.h */,
				E8F0D2421CCC0AF600AFF6AE /* UIColor+Random_Color.h */,
				E8F0D2431CCC0AF600AFF6AE /* UIColor+Random_Color.m */,
				FC3B03711CB02CAA0000EC38 /* AppDelegate.swift */,
				FCCEF0781CBE02BC00740817 /* InitialViewController.swift */,
				FC31A08D1CB03FA5005AA369 /* MainTabBarViewController.swift */,
				0C79AEEC1CBE039900CD43AD /* Main.storyboard */,
				FC77745C1CCCD4A500A305DD /* replyCollectionViewCell.swift */,
				D851269A1CB97738007CF281 /* receivedViewController.swift */,
				FC77745A1CCCD3BB00A305DD /* RepliesViewController.swift */,
				FC9789871CC8940600AB7FB7 /* DateExtensions.swift */,
				D851269C1CB97A8F007CF281 /* receivedMessageCollectionViewCell.swift */,
				D83409AF1CC89508007ECA3D /* SettingsViewController.swift */,
				D83409B11CC8950C007ECA3D /* settingTableViewCell.swift */,
				D83409AD1CC89500007ECA3D /* changePasswordViewController.swift */,
				FC3B03781CB02CAA0000EC38 /* Assets.xcassets */,
				FC3B037A1CB02CAA0000EC38 /* LaunchScreen.storyboard */,
				FC3B037D1CB02CAA0000EC38 /* Info.plist */,
			);
			path = Karma;
			sourceTree = "<group>";
		};
		FC3B03851CB02CAA0000EC38 /* KarmaTests */ = {
			isa = PBXGroup;
			children = (
				FC3B03861CB02CAA0000EC38 /* KarmaTests.swift */,
				FC3B03881CB02CAA0000EC38 /* Info.plist */,
			);
			path = KarmaTests;
			sourceTree = "<group>";
		};
		FC3B03901CB02CAA0000EC38 /* KarmaUITests */ = {
			isa = PBXGroup;
			children = (
				FC3B03911CB02CAA0000EC38 /* KarmaUITests.swift */,
				FC3B03931CB02CAA0000EC38 /* Info.plist */,
			);
			path = KarmaUITests;
			sourceTree = "<group>";
		};
/* End PBXGroup section */

/* Begin PBXNativeTarget section */
		FC3B036D1CB02CA90000EC38 /* KarmaSide */ = {
			isa = PBXNativeTarget;
			buildConfigurationList = FC3B03961CB02CAA0000EC38 /* Build configuration list for PBXNativeTarget "KarmaSide" */;
			buildPhases = (
				5C35E7AA00AF7252744B1ED7 /* Check Pods Manifest.lock */,
				FC3B036A1CB02CA90000EC38 /* Sources */,
				FC3B036B1CB02CA90000EC38 /* Frameworks */,
				FC3B036C1CB02CA90000EC38 /* Resources */,
				F1BA1B0F7EB295F53DC0E1B9 /* Embed Pods Frameworks */,
				0548F2EA3675A8DC1C8A7808 /* Copy Pods Resources */,
				E8F0D2301CCC03B200AFF6AE /* Embed Frameworks */,
			);
			buildRules = (
			);
			dependencies = (
			);
			name = KarmaSide;
			productName = Karma;
			productReference = FC3B036E1CB02CA90000EC38 /* KarmaSide.app */;
			productType = "com.apple.product-type.application";
		};
		FC3B03811CB02CAA0000EC38 /* KarmaSideTests */ = {
			isa = PBXNativeTarget;
			buildConfigurationList = FC3B03991CB02CAA0000EC38 /* Build configuration list for PBXNativeTarget "KarmaSideTests" */;
			buildPhases = (
				FC3B037E1CB02CAA0000EC38 /* Sources */,
				FC3B037F1CB02CAA0000EC38 /* Frameworks */,
				FC3B03801CB02CAA0000EC38 /* Resources */,
			);
			buildRules = (
			);
			dependencies = (
				FC3B03841CB02CAA0000EC38 /* PBXTargetDependency */,
			);
			name = KarmaSideTests;
			productName = KarmaTests;
			productReference = FC3B03821CB02CAA0000EC38 /* KarmaSide.xctest */;
			productType = "com.apple.product-type.bundle.unit-test";
		};
		FC3B038C1CB02CAA0000EC38 /* KarmaSideUITests */ = {
			isa = PBXNativeTarget;
			buildConfigurationList = FC3B039C1CB02CAA0000EC38 /* Build configuration list for PBXNativeTarget "KarmaSideUITests" */;
			buildPhases = (
				FC3B03891CB02CAA0000EC38 /* Sources */,
				FC3B038A1CB02CAA0000EC38 /* Frameworks */,
				FC3B038B1CB02CAA0000EC38 /* Resources */,
			);
			buildRules = (
			);
			dependencies = (
				FC3B038F1CB02CAA0000EC38 /* PBXTargetDependency */,
			);
			name = KarmaSideUITests;
			productName = KarmaUITests;
			productReference = FC3B038D1CB02CAA0000EC38 /* KarmaSide.xctest */;
			productType = "com.apple.product-type.bundle.ui-testing";
		};
/* End PBXNativeTarget section */

/* Begin PBXProject section */
		FC3B03661CB02CA90000EC38 /* Project object */ = {
			isa = PBXProject;
			attributes = {
				LastSwiftUpdateCheck = 0730;
				LastUpgradeCheck = 0730;
				ORGANIZATIONNAME = "MDB - Karma";
				TargetAttributes = {
					FC3B036D1CB02CA90000EC38 = {
						CreatedOnToolsVersion = 7.3;
						DevelopmentTeam = KV9N5HK3BV;
					};
					FC3B03811CB02CAA0000EC38 = {
						CreatedOnToolsVersion = 7.3;
						DevelopmentTeam = KV9N5HK3BV;
						TestTargetID = FC3B036D1CB02CA90000EC38;
					};
					FC3B038C1CB02CAA0000EC38 = {
						CreatedOnToolsVersion = 7.3;
						DevelopmentTeam = KV9N5HK3BV;
						TestTargetID = FC3B036D1CB02CA90000EC38;
					};
				};
			};
			buildConfigurationList = FC3B03691CB02CA90000EC38 /* Build configuration list for PBXProject "KarmaSide" */;
			compatibilityVersion = "Xcode 3.2";
			developmentRegion = English;
			hasScannedForEncodings = 0;
			knownRegions = (
				en,
				Base,
			);
			mainGroup = FC3B03651CB02CA90000EC38;
			productRefGroup = FC3B036F1CB02CA90000EC38 /* Products */;
			projectDirPath = "";
			projectRoot = "";
			targets = (
				FC3B036D1CB02CA90000EC38 /* KarmaSide */,
				FC3B03811CB02CAA0000EC38 /* KarmaSideTests */,
				FC3B038C1CB02CAA0000EC38 /* KarmaSideUITests */,
			);
		};
/* End PBXProject section */

/* Begin PBXResourcesBuildPhase section */
		FC3B036C1CB02CA90000EC38 /* Resources */ = {
			isa = PBXResourcesBuildPhase;
			buildActionMask = 2147483647;
			files = (
				FC3B037C1CB02CAA0000EC38 /* LaunchScreen.storyboard in Resources */,
				FC3B03791CB02CAA0000EC38 /* Assets.xcassets in Resources */,
				0C0C4C651CB06669009A10B9 /* ThirstyScriptExtraBoldDemo.otf in Resources */,
				0C79AEED1CBE039900CD43AD /* Main.storyboard in Resources */,
			);
			runOnlyForDeploymentPostprocessing = 0;
		};
		FC3B03801CB02CAA0000EC38 /* Resources */ = {
			isa = PBXResourcesBuildPhase;
			buildActionMask = 2147483647;
			files = (
			);
			runOnlyForDeploymentPostprocessing = 0;
		};
		FC3B038B1CB02CAA0000EC38 /* Resources */ = {
			isa = PBXResourcesBuildPhase;
			buildActionMask = 2147483647;
			files = (
			);
			runOnlyForDeploymentPostprocessing = 0;
		};
/* End PBXResourcesBuildPhase section */

/* Begin PBXShellScriptBuildPhase section */
		0548F2EA3675A8DC1C8A7808 /* Copy Pods Resources */ = {
			isa = PBXShellScriptBuildPhase;
			buildActionMask = 2147483647;
			files = (
			);
			inputPaths = (
			);
			name = "Copy Pods Resources";
			outputPaths = (
			);
			runOnlyForDeploymentPostprocessing = 0;
			shellPath = /bin/sh;
			shellScript = "\"${SRCROOT}/Pods/Target Support Files/Pods-Karma/Pods-Karma-resources.sh\"\n";
			showEnvVarsInLog = 0;
		};
		5C35E7AA00AF7252744B1ED7 /* Check Pods Manifest.lock */ = {
			isa = PBXShellScriptBuildPhase;
			buildActionMask = 2147483647;
			files = (
			);
			inputPaths = (
			);
			name = "Check Pods Manifest.lock";
			outputPaths = (
			);
			runOnlyForDeploymentPostprocessing = 0;
			shellPath = /bin/sh;
			shellScript = "diff \"${PODS_ROOT}/../Podfile.lock\" \"${PODS_ROOT}/Manifest.lock\" > /dev/null\nif [[ $? != 0 ]] ; then\n    cat << EOM\nerror: The sandbox is not in sync with the Podfile.lock. Run 'pod install' or update your CocoaPods installation.\nEOM\n    exit 1\nfi\n";
			showEnvVarsInLog = 0;
		};
		F1BA1B0F7EB295F53DC0E1B9 /* Embed Pods Frameworks */ = {
			isa = PBXShellScriptBuildPhase;
			buildActionMask = 2147483647;
			files = (
			);
			inputPaths = (
			);
			name = "Embed Pods Frameworks";
			outputPaths = (
			);
			runOnlyForDeploymentPostprocessing = 0;
			shellPath = /bin/sh;
			shellScript = "\"${SRCROOT}/Pods/Target Support Files/Pods/Pods-frameworks.sh\"\n";
			showEnvVarsInLog = 0;
		};
/* End PBXShellScriptBuildPhase section */

/* Begin PBXSourcesBuildPhase section */
		FC3B036A1CB02CA90000EC38 /* Sources */ = {
			isa = PBXSourcesBuildPhase;
			buildActionMask = 2147483647;
			files = (
				FC3B03A61CB031410000EC38 /* LoginViewController.swift in Sources */,
				D83409B21CC8950C007ECA3D /* settingTableViewCell.swift in Sources */,
				D851269D1CB97A8F007CF281 /* receivedMessageCollectionViewCell.swift in Sources */,
				D851269B1CB97738007CF281 /* receivedViewController.swift in Sources */,
				FC31A08E1CB03FA5005AA369 /* MainTabBarViewController.swift in Sources */,
				E8F0D23F1CCC0ADC00AFF6AE /* YSLCardView.m in Sources */,
				D83409AE1CC89500007ECA3D /* changePasswordViewController.swift in Sources */,
				FC77745D1CCCD4A500A305DD /* replyCollectionViewCell.swift in Sources */,
				D83409B01CC89508007ECA3D /* SettingsViewController.swift in Sources */,
				E8F0D2441CCC0AF600AFF6AE /* UIColor+Random_Color.m in Sources */,
				FC3B03721CB02CAA0000EC38 /* AppDelegate.swift in Sources */,
				FC9789881CC8940600AB7FB7 /* DateExtensions.swift in Sources */,
				FCCEF0791CBE02BC00740817 /* InitialViewController.swift in Sources */,
				E8F0D2401CCC0ADC00AFF6AE /* YSLDraggableCardContainer.m in Sources */,
				FC77745B1CCCD3BC00A305DD /* RepliesViewController.swift in Sources */,
			);
			runOnlyForDeploymentPostprocessing = 0;
		};
		FC3B037E1CB02CAA0000EC38 /* Sources */ = {
			isa = PBXSourcesBuildPhase;
			buildActionMask = 2147483647;
			files = (
				FC3B03871CB02CAA0000EC38 /* KarmaTests.swift in Sources */,
			);
			runOnlyForDeploymentPostprocessing = 0;
		};
		FC3B03891CB02CAA0000EC38 /* Sources */ = {
			isa = PBXSourcesBuildPhase;
			buildActionMask = 2147483647;
			files = (
				FC3B03921CB02CAA0000EC38 /* KarmaUITests.swift in Sources */,
			);
			runOnlyForDeploymentPostprocessing = 0;
		};
/* End PBXSourcesBuildPhase section */

/* Begin PBXTargetDependency section */
		FC3B03841CB02CAA0000EC38 /* PBXTargetDependency */ = {
			isa = PBXTargetDependency;
			target = FC3B036D1CB02CA90000EC38 /* KarmaSide */;
			targetProxy = FC3B03831CB02CAA0000EC38 /* PBXContainerItemProxy */;
		};
		FC3B038F1CB02CAA0000EC38 /* PBXTargetDependency */ = {
			isa = PBXTargetDependency;
			target = FC3B036D1CB02CA90000EC38 /* KarmaSide */;
			targetProxy = FC3B038E1CB02CAA0000EC38 /* PBXContainerItemProxy */;
		};
/* End PBXTargetDependency section */

/* Begin PBXVariantGroup section */
		FC3B037A1CB02CAA0000EC38 /* LaunchScreen.storyboard */ = {
			isa = PBXVariantGroup;
			children = (
				FC3B037B1CB02CAA0000EC38 /* Base */,
			);
			name = LaunchScreen.storyboard;
			sourceTree = "<group>";
		};
/* End PBXVariantGroup section */

/* Begin XCBuildConfiguration section */
		FC3B03941CB02CAA0000EC38 /* Debug */ = {
			isa = XCBuildConfiguration;
			buildSettings = {
				ALWAYS_SEARCH_USER_PATHS = NO;
				CLANG_ANALYZER_NONNULL = YES;
				CLANG_CXX_LANGUAGE_STANDARD = "gnu++0x";
				CLANG_CXX_LIBRARY = "libc++";
				CLANG_ENABLE_MODULES = YES;
				CLANG_ENABLE_OBJC_ARC = YES;
				CLANG_WARN_BOOL_CONVERSION = YES;
				CLANG_WARN_CONSTANT_CONVERSION = YES;
				CLANG_WARN_DIRECT_OBJC_ISA_USAGE = YES_ERROR;
				CLANG_WARN_EMPTY_BODY = YES;
				CLANG_WARN_ENUM_CONVERSION = YES;
				CLANG_WARN_INT_CONVERSION = YES;
				CLANG_WARN_OBJC_ROOT_CLASS = YES_ERROR;
				CLANG_WARN_UNREACHABLE_CODE = YES;
				CLANG_WARN__DUPLICATE_METHOD_MATCH = YES;
				"CODE_SIGN_IDENTITY[sdk=iphoneos*]" = "iPhone Developer";
				COPY_PHASE_STRIP = NO;
				DEBUG_INFORMATION_FORMAT = dwarf;
				ENABLE_STRICT_OBJC_MSGSEND = YES;
				ENABLE_TESTABILITY = YES;
				GCC_C_LANGUAGE_STANDARD = gnu99;
				GCC_DYNAMIC_NO_PIC = NO;
				GCC_NO_COMMON_BLOCKS = YES;
				GCC_OPTIMIZATION_LEVEL = 0;
				GCC_PREPROCESSOR_DEFINITIONS = (
					"DEBUG=1",
					"$(inherited)",
				);
				GCC_WARN_64_TO_32_BIT_CONVERSION = YES;
				GCC_WARN_ABOUT_RETURN_TYPE = YES_ERROR;
				GCC_WARN_UNDECLARED_SELECTOR = YES;
				GCC_WARN_UNINITIALIZED_AUTOS = YES_AGGRESSIVE;
				GCC_WARN_UNUSED_FUNCTION = YES;
				GCC_WARN_UNUSED_VARIABLE = YES;
				IPHONEOS_DEPLOYMENT_TARGET = 9.3;
				MTL_ENABLE_DEBUG_INFO = YES;
				ONLY_ACTIVE_ARCH = YES;
				SDKROOT = iphoneos;
				SWIFT_OPTIMIZATION_LEVEL = "-Onone";
			};
			name = Debug;
		};
		FC3B03951CB02CAA0000EC38 /* Release */ = {
			isa = XCBuildConfiguration;
			buildSettings = {
				ALWAYS_SEARCH_USER_PATHS = NO;
				CLANG_ANALYZER_NONNULL = YES;
				CLANG_CXX_LANGUAGE_STANDARD = "gnu++0x";
				CLANG_CXX_LIBRARY = "libc++";
				CLANG_ENABLE_MODULES = YES;
				CLANG_ENABLE_OBJC_ARC = YES;
				CLANG_WARN_BOOL_CONVERSION = YES;
				CLANG_WARN_CONSTANT_CONVERSION = YES;
				CLANG_WARN_DIRECT_OBJC_ISA_USAGE = YES_ERROR;
				CLANG_WARN_EMPTY_BODY = YES;
				CLANG_WARN_ENUM_CONVERSION = YES;
				CLANG_WARN_INT_CONVERSION = YES;
				CLANG_WARN_OBJC_ROOT_CLASS = YES_ERROR;
				CLANG_WARN_UNREACHABLE_CODE = YES;
				CLANG_WARN__DUPLICATE_METHOD_MATCH = YES;
				"CODE_SIGN_IDENTITY[sdk=iphoneos*]" = "iPhone Developer";
				COPY_PHASE_STRIP = NO;
				DEBUG_INFORMATION_FORMAT = "dwarf-with-dsym";
				ENABLE_NS_ASSERTIONS = NO;
				ENABLE_STRICT_OBJC_MSGSEND = YES;
				GCC_C_LANGUAGE_STANDARD = gnu99;
				GCC_NO_COMMON_BLOCKS = YES;
				GCC_WARN_64_TO_32_BIT_CONVERSION = YES;
				GCC_WARN_ABOUT_RETURN_TYPE = YES_ERROR;
				GCC_WARN_UNDECLARED_SELECTOR = YES;
				GCC_WARN_UNINITIALIZED_AUTOS = YES_AGGRESSIVE;
				GCC_WARN_UNUSED_FUNCTION = YES;
				GCC_WARN_UNUSED_VARIABLE = YES;
				IPHONEOS_DEPLOYMENT_TARGET = 9.3;
				MTL_ENABLE_DEBUG_INFO = NO;
				SDKROOT = iphoneos;
				VALIDATE_PRODUCT = YES;
			};
			name = Release;
		};
		FC3B03971CB02CAA0000EC38 /* Debug */ = {
			isa = XCBuildConfiguration;
			baseConfigurationReference = AB0ADD04D8B50C92F4C93D20 /* Pods-Karma.debug.xcconfig */;
			buildSettings = {
				ASSETCATALOG_COMPILER_APPICON_NAME = AppIcon;
				CODE_SIGN_IDENTITY = "iPhone Developer";
				"CODE_SIGN_IDENTITY[sdk=iphoneos*]" = "iPhone Developer";
				INFOPLIST_FILE = Karma/Info.plist;
				IPHONEOS_DEPLOYMENT_TARGET = 9.3;
				LD_RUNPATH_SEARCH_PATHS = "$(inherited) @executable_path/Frameworks";
				PRODUCT_BUNDLE_IDENTIFIER = com.mdbKarma.KarmaSide1;
				PRODUCT_NAME = KarmaSide;
				PROVISIONING_PROFILE = "";
				SWIFT_OBJC_BRIDGING_HEADER = "./Karma/Karma-Bridging-Header.h";
			};
			name = Debug;
		};
		FC3B03981CB02CAA0000EC38 /* Release */ = {
			isa = XCBuildConfiguration;
			baseConfigurationReference = A55867D4E0E8E3A1BDEC2294 /* Pods-Karma.release.xcconfig */;
			buildSettings = {
				ASSETCATALOG_COMPILER_APPICON_NAME = AppIcon;
				CODE_SIGN_IDENTITY = "iPhone Developer";
				"CODE_SIGN_IDENTITY[sdk=iphoneos*]" = "iPhone Developer";
				INFOPLIST_FILE = Karma/Info.plist;
				IPHONEOS_DEPLOYMENT_TARGET = 9.3;
				LD_RUNPATH_SEARCH_PATHS = "$(inherited) @executable_path/Frameworks";
				PRODUCT_BUNDLE_IDENTIFIER = com.mdbKarma.KarmaSide1;
				PRODUCT_NAME = KarmaSide;
				PROVISIONING_PROFILE = "";
				SWIFT_OBJC_BRIDGING_HEADER = "./Karma/Karma-Bridging-Header.h";
			};
			name = Release;
		};
		FC3B039A1CB02CAA0000EC38 /* Debug */ = {
			isa = XCBuildConfiguration;
			buildSettings = {
				BUNDLE_LOADER = "$(TEST_HOST)";
				INFOPLIST_FILE = KarmaTests/Info.plist;
				LD_RUNPATH_SEARCH_PATHS = "$(inherited) @executable_path/Frameworks @loader_path/Frameworks";
				PRODUCT_BUNDLE_IDENTIFIER = com.mdbKarma.KarmaTests;
				PRODUCT_NAME = KarmaSide;
				TEST_HOST = "$(BUILT_PRODUCTS_DIR)/KarmaSide.app/KarmaSide";
			};
			name = Debug;
		};
		FC3B039B1CB02CAA0000EC38 /* Release */ = {
			isa = XCBuildConfiguration;
			buildSettings = {
				BUNDLE_LOADER = "$(TEST_HOST)";
				INFOPLIST_FILE = KarmaTests/Info.plist;
				LD_RUNPATH_SEARCH_PATHS = "$(inherited) @executable_path/Frameworks @loader_path/Frameworks";
				PRODUCT_BUNDLE_IDENTIFIER = com.mdbKarma.KarmaTests;
				PRODUCT_NAME = KarmaSide;
				TEST_HOST = "$(BUILT_PRODUCTS_DIR)/KarmaSide.app/KarmaSide";
			};
			name = Release;
		};
		FC3B039D1CB02CAA0000EC38 /* Debug */ = {
			isa = XCBuildConfiguration;
			buildSettings = {
				INFOPLIST_FILE = KarmaUITests/Info.plist;
				LD_RUNPATH_SEARCH_PATHS = "$(inherited) @executable_path/Frameworks @loader_path/Frameworks";
				PRODUCT_BUNDLE_IDENTIFIER = com.mdbKarma.KarmaUITests;
				PRODUCT_NAME = KarmaSide;
				TEST_TARGET_NAME = Karma;
			};
			name = Debug;
		};
		FC3B039E1CB02CAA0000EC38 /* Release */ = {
			isa = XCBuildConfiguration;
			buildSettings = {
				INFOPLIST_FILE = KarmaUITests/Info.plist;
				LD_RUNPATH_SEARCH_PATHS = "$(inherited) @executable_path/Frameworks @loader_path/Frameworks";
				PRODUCT_BUNDLE_IDENTIFIER = com.mdbKarma.KarmaUITests;
				PRODUCT_NAME = KarmaSide;
				TEST_TARGET_NAME = Karma;
			};
			name = Release;
		};
/* End XCBuildConfiguration section */

/* Begin XCConfigurationList section */
		FC3B03691CB02CA90000EC38 /* Build configuration list for PBXProject "KarmaSide" */ = {
			isa = XCConfigurationList;
			buildConfigurations = (
				FC3B03941CB02CAA0000EC38 /* Debug */,
				FC3B03951CB02CAA0000EC38 /* Release */,
			);
			defaultConfigurationIsVisible = 0;
			defaultConfigurationName = Release;
		};
		FC3B03961CB02CAA0000EC38 /* Build configuration list for PBXNativeTarget "KarmaSide" */ = {
			isa = XCConfigurationList;
			buildConfigurations = (
				FC3B03971CB02CAA0000EC38 /* Debug */,
				FC3B03981CB02CAA0000EC38 /* Release */,
			);
			defaultConfigurationIsVisible = 0;
			defaultConfigurationName = Release;
		};
		FC3B03991CB02CAA0000EC38 /* Build configuration list for PBXNativeTarget "KarmaSideTests" */ = {
			isa = XCConfigurationList;
			buildConfigurations = (
				FC3B039A1CB02CAA0000EC38 /* Debug */,
				FC3B039B1CB02CAA0000EC38 /* Release */,
			);
			defaultConfigurationIsVisible = 0;
			defaultConfigurationName = Release;
		};
		FC3B039C1CB02CAA0000EC38 /* Build configuration list for PBXNativeTarget "KarmaSideUITests" */ = {
			isa = XCConfigurationList;
			buildConfigurations = (
				FC3B039D1CB02CAA0000EC38 /* Debug */,
				FC3B039E1CB02CAA0000EC38 /* Release */,
			);
			defaultConfigurationIsVisible = 0;
			defaultConfigurationName = Release;
		};
/* End XCConfigurationList section */
	};
	rootObject = FC3B03661CB02CA90000EC38 /* Project object */;
}
